
Microsoft Visual Studio Solution File, Format Version 12.00
# Visual Studio 15
VisualStudioVersion = 15.0.27703.2026
MinimumVisualStudioVersion = 10.0.40219.1
Project("{FAE04EC0-301F-11D3-BF4B-00C04F79EFBC}") = "FileStorage", "FileStorage\FileStorage.csproj", "{6B08D686-2155-4B64-8093-02B3EB4A2B36}"
EndProject
Global
	GlobalSection(SolutionConfigurationPlatforms) = preSolution
		Debug|Any CPU = Debug|Any CPU
		Release|Any CPU = Release|Any CPU
	EndGlobalSection
	GlobalSection(ProjectConfigurationPlatforms) = postSolution
		{6B08D686-2155-4B64-8093-02B3EB4A2B36}.Debug|Any CPU.ActiveCfg = Debug|Any CPU
		{6B08D686-2155-4B64-8093-02B3EB4A2B36}.Debug|Any CPU.Build.0 = Debug|Any CPU
		{6B08D686-2155-4B64-8093-02B3EB4A2B36}.Release|Any CPU.ActiveCfg = Release|Any CPU
		{6B08D686-2155-4B64-8093-02B3EB4A2B36}.Release|Any CPU.Build.0 = Release|Any CPU
	EndGlobalSection
	GlobalSection(SolutionProperties) = preSolution
		HideSolutionNode = FALSE
	EndGlobalSection
	GlobalSection(ExtensibilityGlobals) = postSolution
		SolutionGuid = {7E745F0B-E79B-4A5C-80A2-EAC9DAAF7C0C}
	EndGlobalSection
EndGlobal
